// !$*UTF8*$!
{
	archiveVersion = 1;
	classes = {
	};
	objectVersion = 50;
	objects = {

/* Begin PBXBuildFile section */
		219DE9A2C73429D98D514022 /* Pods_HackerHub.framework in Frameworks */ = {isa = PBXBuildFile; fileRef = E17DCC03FF80303FB9E4B14A /* Pods_HackerHub.framework */; };
		4679F7472246A372008CD4EC /* HomeViewController.swift in Sources */ = {isa = PBXBuildFile; fileRef = 4679F7462246A372008CD4EC /* HomeViewController.swift */; };
		4679F74D2246AE93008CD4EC /* ProjectCollectionViewCell.swift in Sources */ = {isa = PBXBuildFile; fileRef = 4679F74C2246AE93008CD4EC /* ProjectCollectionViewCell.swift */; };
		BA1174212246853B00EBA6B0 /* AppDelegate.swift in Sources */ = {isa = PBXBuildFile; fileRef = BA1174202246853B00EBA6B0 /* AppDelegate.swift */; };
		BA1174232246853B00EBA6B0 /* ViewController.swift in Sources */ = {isa = PBXBuildFile; fileRef = BA1174222246853B00EBA6B0 /* ViewController.swift */; };
		BA1174262246853B00EBA6B0 /* Main.storyboard in Resources */ = {isa = PBXBuildFile; fileRef = BA1174242246853B00EBA6B0 /* Main.storyboard */; };
		BA1174282246853C00EBA6B0 /* Assets.xcassets in Resources */ = {isa = PBXBuildFile; fileRef = BA1174272246853C00EBA6B0 /* Assets.xcassets */; };
		BA11742B2246853C00EBA6B0 /* LaunchScreen.storyboard in Resources */ = {isa = PBXBuildFile; fileRef = BA1174292246853C00EBA6B0 /* LaunchScreen.storyboard */; };
		BA1174332246869800EBA6B0 /* GoogleService-Info.plist in Resources */ = {isa = PBXBuildFile; fileRef = BA1174322246869800EBA6B0 /* GoogleService-Info.plist */; };
		BA97894522468E1F00E2901D /* FirebaseHelper.swift in Sources */ = {isa = PBXBuildFile; fileRef = BA97894422468E1F00E2901D /* FirebaseHelper.swift */; };
		BA97894722468F0800E2901D /* Hackathon.swift in Sources */ = {isa = PBXBuildFile; fileRef = BA97894622468F0800E2901D /* Hackathon.swift */; };
		BA97894922468F2A00E2901D /* Team.swift in Sources */ = {isa = PBXBuildFile; fileRef = BA97894822468F2A00E2901D /* Team.swift */; };
		BA97894B22468FAE00E2901D /* Project.swift in Sources */ = {isa = PBXBuildFile; fileRef = BA97894A22468FAE00E2901D /* Project.swift */; };
		BA97894D22468FC200E2901D /* User.swift in Sources */ = {isa = PBXBuildFile; fileRef = BA97894C22468FC200E2901D /* User.swift */; };
/* End PBXBuildFile section */

/* Begin PBXFileReference section */
		2B8B9BF8D3F266FAF0510E7B /* Pods-HackerHub.debug.xcconfig */ = {isa = PBXFileReference; includeInIndex = 1; lastKnownFileType = text.xcconfig; name = "Pods-HackerHub.debug.xcconfig"; path = "Target Support Files/Pods-HackerHub/Pods-HackerHub.debug.xcconfig"; sourceTree = "<group>"; };
		4679F7462246A372008CD4EC /* HomeViewController.swift */ = {isa = PBXFileReference; lastKnownFileType = sourcecode.swift; path = HomeViewController.swift; sourceTree = "<group>"; };
		4679F74C2246AE93008CD4EC /* ProjectCollectionViewCell.swift */ = {isa = PBXFileReference; lastKnownFileType = sourcecode.swift; name = ProjectCollectionViewCell.swift; path = /Users/abhishek/hackerhubios/HackerHub/ProjectCollectionViewCell.swift; sourceTree = "<absolute>"; };
		7E9F1CD09B090DFB969F7F8F /* Pods-HackerHub.release.xcconfig */ = {isa = PBXFileReference; includeInIndex = 1; lastKnownFileType = text.xcconfig; name = "Pods-HackerHub.release.xcconfig"; path = "Target Support Files/Pods-HackerHub/Pods-HackerHub.release.xcconfig"; sourceTree = "<group>"; };
		BA11741D2246853B00EBA6B0 /* HackerHub.app */ = {isa = PBXFileReference; explicitFileType = wrapper.application; includeInIndex = 0; path = HackerHub.app; sourceTree = BUILT_PRODUCTS_DIR; };
		BA1174202246853B00EBA6B0 /* AppDelegate.swift */ = {isa = PBXFileReference; lastKnownFileType = sourcecode.swift; path = AppDelegate.swift; sourceTree = "<group>"; };
		BA1174222246853B00EBA6B0 /* ViewController.swift */ = {isa = PBXFileReference; lastKnownFileType = sourcecode.swift; path = ViewController.swift; sourceTree = "<group>"; };
		BA1174252246853B00EBA6B0 /* Base */ = {isa = PBXFileReference; lastKnownFileType = file.storyboard; name = Base; path = Base.lproj/Main.storyboard; sourceTree = "<group>"; };
		BA1174272246853C00EBA6B0 /* Assets.xcassets */ = {isa = PBXFileReference; lastKnownFileType = folder.assetcatalog; path = Assets.xcassets; sourceTree = "<group>"; };
		BA11742A2246853C00EBA6B0 /* Base */ = {isa = PBXFileReference; lastKnownFileType = file.storyboard; name = Base; path = Base.lproj/LaunchScreen.storyboard; sourceTree = "<group>"; };
		BA11742C2246853C00EBA6B0 /* Info.plist */ = {isa = PBXFileReference; lastKnownFileType = text.plist.xml; path = Info.plist; sourceTree = "<group>"; };
		BA1174322246869800EBA6B0 /* GoogleService-Info.plist */ = {isa = PBXFileReference; fileEncoding = 4; lastKnownFileType = text.plist.xml; path = "GoogleService-Info.plist"; sourceTree = "<group>"; };
		BA97894422468E1F00E2901D /* FirebaseHelper.swift */ = {isa = PBXFileReference; lastKnownFileType = sourcecode.swift; path = FirebaseHelper.swift; sourceTree = "<group>"; };
		BA97894622468F0800E2901D /* Hackathon.swift */ = {isa = PBXFileReference; lastKnownFileType = sourcecode.swift; path = Hackathon.swift; sourceTree = "<group>"; };
		BA97894822468F2A00E2901D /* Team.swift */ = {isa = PBXFileReference; lastKnownFileType = sourcecode.swift; path = Team.swift; sourceTree = "<group>"; };
		BA97894A22468FAE00E2901D /* Project.swift */ = {isa = PBXFileReference; lastKnownFileType = sourcecode.swift; path = Project.swift; sourceTree = "<group>"; };
		BA97894C22468FC200E2901D /* User.swift */ = {isa = PBXFileReference; lastKnownFileType = sourcecode.swift; path = User.swift; sourceTree = "<group>"; };
		E17DCC03FF80303FB9E4B14A /* Pods_HackerHub.framework */ = {isa = PBXFileReference; explicitFileType = wrapper.framework; includeInIndex = 0; path = Pods_HackerHub.framework; sourceTree = BUILT_PRODUCTS_DIR; };
/* End PBXFileReference section */

/* Begin PBXFrameworksBuildPhase section */
		BA11741A2246853B00EBA6B0 /* Frameworks */ = {
			isa = PBXFrameworksBuildPhase;
			buildActionMask = 2147483647;
			files = (
				219DE9A2C73429D98D514022 /* Pods_HackerHub.framework in Frameworks */,
			);
			runOnlyForDeploymentPostprocessing = 0;
		};
/* End PBXFrameworksBuildPhase section */

/* Begin PBXGroup section */
		0CF782D7D0A88E38EC7161DA /* Pods */ = {
			isa = PBXGroup;
			children = (
				2B8B9BF8D3F266FAF0510E7B /* Pods-HackerHub.debug.xcconfig */,
				7E9F1CD09B090DFB969F7F8F /* Pods-HackerHub.release.xcconfig */,
			);
			path = Pods;
			sourceTree = "<group>";
		};
		A51771D09A702545F2CEECD9 /* Frameworks */ = {
			isa = PBXGroup;
			children = (
				E17DCC03FF80303FB9E4B14A /* Pods_HackerHub.framework */,
			);
			name = Frameworks;
			sourceTree = "<group>";
		};
		BA1174142246853B00EBA6B0 = {
			isa = PBXGroup;
			children = (
				BA11741F2246853B00EBA6B0 /* HackerHub */,
				BA11741E2246853B00EBA6B0 /* Products */,
				0CF782D7D0A88E38EC7161DA /* Pods */,
				A51771D09A702545F2CEECD9 /* Frameworks */,
			);
			sourceTree = "<group>";
		};
		BA11741E2246853B00EBA6B0 /* Products */ = {
			isa = PBXGroup;
			children = (
				BA11741D2246853B00EBA6B0 /* HackerHub.app */,
			);
			name = Products;
			sourceTree = "<group>";
		};
		BA11741F2246853B00EBA6B0 /* HackerHub */ = {
			isa = PBXGroup;
			children = (
				BA1174322246869800EBA6B0 /* GoogleService-Info.plist */,
				BA1174202246853B00EBA6B0 /* AppDelegate.swift */,
				BA1174222246853B00EBA6B0 /* ViewController.swift */,
				BA1174242246853B00EBA6B0 /* Main.storyboard */,
				4679F74C2246AE93008CD4EC /* ProjectCollectionViewCell.swift */,
				4679F7462246A372008CD4EC /* HomeViewController.swift */,
				BA97894322468E0000E2901D /* Model */,
				BA1174272246853C00EBA6B0 /* Assets.xcassets */,
				BA1174292246853C00EBA6B0 /* LaunchScreen.storyboard */,
				BA11742C2246853C00EBA6B0 /* Info.plist */,
			);
			path = HackerHub;
			sourceTree = "<group>";
		};
		BA97894322468E0000E2901D /* Model */ = {
			isa = PBXGroup;
			children = (
				BA97894422468E1F00E2901D /* FirebaseHelper.swift */,
				BA97894622468F0800E2901D /* Hackathon.swift */,
				BA97894822468F2A00E2901D /* Team.swift */,
				BA97894A22468FAE00E2901D /* Project.swift */,
				BA97894C22468FC200E2901D /* User.swift */,
			);
			path = Model;
			sourceTree = "<group>";
		};
/* End PBXGroup section */

/* Begin PBXNativeTarget section */
		BA11741C2246853B00EBA6B0 /* HackerHub */ = {
			isa = PBXNativeTarget;
			buildConfigurationList = BA11742F2246853C00EBA6B0 /* Build configuration list for PBXNativeTarget "HackerHub" */;
			buildPhases = (
				DB97B046B305983A48AA1C3E /* [CP] Check Pods Manifest.lock */,
				BA1174192246853B00EBA6B0 /* Sources */,
				BA11741A2246853B00EBA6B0 /* Frameworks */,
				BA11741B2246853B00EBA6B0 /* Resources */,
				C475655C3681414E6FF2004F /* [CP] Embed Pods Frameworks */,
			);
			buildRules = (
			);
			dependencies = (
			);
			name = HackerHub;
			productName = HackerHub;
			productReference = BA11741D2246853B00EBA6B0 /* HackerHub.app */;
			productType = "com.apple.product-type.application";
		};
/* End PBXNativeTarget section */

/* Begin PBXProject section */
		BA1174152246853B00EBA6B0 /* Project object */ = {
			isa = PBXProject;
			attributes = {
				LastSwiftUpdateCheck = 1010;
				LastUpgradeCheck = 1010;
				ORGANIZATIONNAME = dankcoders;
				TargetAttributes = {
					BA11741C2246853B00EBA6B0 = {
						CreatedOnToolsVersion = 10.1;
					};
				};
			};
			buildConfigurationList = BA1174182246853B00EBA6B0 /* Build configuration list for PBXProject "HackerHub" */;
			compatibilityVersion = "Xcode 9.3";
			developmentRegion = en;
			hasScannedForEncodings = 0;
			knownRegions = (
				en,
				Base,
			);
			mainGroup = BA1174142246853B00EBA6B0;
			productRefGroup = BA11741E2246853B00EBA6B0 /* Products */;
			projectDirPath = "";
			projectRoot = "";
			targets = (
				BA11741C2246853B00EBA6B0 /* HackerHub */,
			);
		};
/* End PBXProject section */

/* Begin PBXResourcesBuildPhase section */
		BA11741B2246853B00EBA6B0 /* Resources */ = {
			isa = PBXResourcesBuildPhase;
			buildActionMask = 2147483647;
			files = (
				BA11742B2246853C00EBA6B0 /* LaunchScreen.storyboard in Resources */,
				BA1174332246869800EBA6B0 /* GoogleService-Info.plist in Resources */,
				BA1174282246853C00EBA6B0 /* Assets.xcassets in Resources */,
				BA1174262246853B00EBA6B0 /* Main.storyboard in Resources */,
			);
			runOnlyForDeploymentPostprocessing = 0;
		};
/* End PBXResourcesBuildPhase section */

/* Begin PBXShellScriptBuildPhase section */
		C475655C3681414E6FF2004F /* [CP] Embed Pods Frameworks */ = {
			isa = PBXShellScriptBuildPhase;
			buildActionMask = 2147483647;
			files = (
			);
			inputFileListPaths = (
			);
			inputPaths = (
				"${PODS_ROOT}/Target Support Files/Pods-HackerHub/Pods-HackerHub-frameworks.sh",
				"${BUILT_PRODUCTS_DIR}/GTMSessionFetcher/GTMSessionFetcher.framework",
				"${BUILT_PRODUCTS_DIR}/GoogleUtilities/GoogleUtilities.framework",
				"${BUILT_PRODUCTS_DIR}/leveldb-library/leveldb.framework",
				"${BUILT_PRODUCTS_DIR}/nanopb/nanopb.framework",
			);
			name = "[CP] Embed Pods Frameworks";
			outputFileListPaths = (
			);
			outputPaths = (
				"${TARGET_BUILD_DIR}/${FRAMEWORKS_FOLDER_PATH}/GTMSessionFetcher.framework",
				"${TARGET_BUILD_DIR}/${FRAMEWORKS_FOLDER_PATH}/GoogleUtilities.framework",
				"${TARGET_BUILD_DIR}/${FRAMEWORKS_FOLDER_PATH}/leveldb.framework",
				"${TARGET_BUILD_DIR}/${FRAMEWORKS_FOLDER_PATH}/nanopb.framework",
			);
			runOnlyForDeploymentPostprocessing = 0;
			shellPath = /bin/sh;
			shellScript = "\"${PODS_ROOT}/Target Support Files/Pods-HackerHub/Pods-HackerHub-frameworks.sh\"\n";
			showEnvVarsInLog = 0;
		};
		DB97B046B305983A48AA1C3E /* [CP] Check Pods Manifest.lock */ = {
			isa = PBXShellScriptBuildPhase;
			buildActionMask = 2147483647;
			files = (
			);
			inputFileListPaths = (
			);
			inputPaths = (
				"${PODS_PODFILE_DIR_PATH}/Podfile.lock",
				"${PODS_ROOT}/Manifest.lock",
			);
			name = "[CP] Check Pods Manifest.lock";
			outputFileListPaths = (
			);
			outputPaths = (
				"$(DERIVED_FILE_DIR)/Pods-HackerHub-checkManifestLockResult.txt",
			);
			runOnlyForDeploymentPostprocessing = 0;
			shellPath = /bin/sh;
			shellScript = "diff \"${PODS_PODFILE_DIR_PATH}/Podfile.lock\" \"${PODS_ROOT}/Manifest.lock\" > /dev/null\nif [ $? != 0 ] ; then\n    # print error to STDERR\n    echo \"error: The sandbox is not in sync with the Podfile.lock. Run 'pod install' or update your CocoaPods installation.\" >&2\n    exit 1\nfi\n# This output is used by Xcode 'outputs' to avoid re-running this script phase.\necho \"SUCCESS\" > \"${SCRIPT_OUTPUT_FILE_0}\"\n";
			showEnvVarsInLog = 0;
		};
/* End PBXShellScriptBuildPhase section */

/* Begin PBXSourcesBuildPhase section */
		BA1174192246853B00EBA6B0 /* Sources */ = {
			isa = PBXSourcesBuildPhase;
			buildActionMask = 2147483647;
			files = (
				BA1174232246853B00EBA6B0 /* ViewController.swift in Sources */,
				BA97894522468E1F00E2901D /* FirebaseHelper.swift in Sources */,
				BA1174212246853B00EBA6B0 /* AppDelegate.swift in Sources */,
				4679F7472246A372008CD4EC /* HomeViewController.swift in Sources */,
				BA97894922468F2A00E2901D /* Team.swift in Sources */,
				4679F74D2246AE93008CD4EC /* ProjectCollectionViewCell.swift in Sources */,
				BA97894722468F0800E2901D /* Hackathon.swift in Sources */,
				BA97894B22468FAE00E2901D /* Project.swift in Sources */,
				BA97894D22468FC200E2901D /* User.swift in Sources */,
			);
			runOnlyForDeploymentPostprocessing = 0;
		};
/* End PBXSourcesBuildPhase section */

/* Begin PBXVariantGroup section */
		BA1174242246853B00EBA6B0 /* Main.storyboard */ = {
			isa = PBXVariantGroup;
			children = (
				BA1174252246853B00EBA6B0 /* Base */,
			);
			name = Main.storyboard;
			sourceTree = "<group>";
		};
		BA1174292246853C00EBA6B0 /* LaunchScreen.storyboard */ = {
			isa = PBXVariantGroup;
			children = (
				BA11742A2246853C00EBA6B0 /* Base */,
			);
			name = LaunchScreen.storyboard;
			sourceTree = "<group>";
		};
/* End PBXVariantGroup section */

/* Begin XCBuildConfiguration section */
		BA11742D2246853C00EBA6B0 /* Debug */ = {
			isa = XCBuildConfiguration;
			buildSettings = {
				ALWAYS_SEARCH_USER_PATHS = NO;
				CLANG_ANALYZER_NONNULL = YES;
				CLANG_ANALYZER_NUMBER_OBJECT_CONVERSION = YES_AGGRESSIVE;
				CLANG_CXX_LANGUAGE_STANDARD = "gnu++14";
				CLANG_CXX_LIBRARY = "libc++";
				CLANG_ENABLE_MODULES = YES;
				CLANG_ENABLE_OBJC_ARC = YES;
				CLANG_ENABLE_OBJC_WEAK = YES;
				CLANG_WARN_BLOCK_CAPTURE_AUTORELEASING = YES;
				CLANG_WARN_BOOL_CONVERSION = YES;
				CLANG_WARN_COMMA = YES;
				CLANG_WARN_CONSTANT_CONVERSION = YES;
				CLANG_WARN_DEPRECATED_OBJC_IMPLEMENTATIONS = YES;
				CLANG_WARN_DIRECT_OBJC_ISA_USAGE = YES_ERROR;
				CLANG_WARN_DOCUMENTATION_COMMENTS = YES;
				CLANG_WARN_EMPTY_BODY = YES;
				CLANG_WARN_ENUM_CONVERSION = YES;
				CLANG_WARN_INFINITE_RECURSION = YES;
				CLANG_WARN_INT_CONVERSION = YES;
				CLANG_WARN_NON_LITERAL_NULL_CONVERSION = YES;
				CLANG_WARN_OBJC_IMPLICIT_RETAIN_SELF = YES;
				CLANG_WARN_OBJC_LITERAL_CONVERSION = YES;
				CLANG_WARN_OBJC_ROOT_CLASS = YES_ERROR;
				CLANG_WARN_RANGE_LOOP_ANALYSIS = YES;
				CLANG_WARN_STRICT_PROTOTYPES = YES;
				CLANG_WARN_SUSPICIOUS_MOVE = YES;
				CLANG_WARN_UNGUARDED_AVAILABILITY = YES_AGGRESSIVE;
				CLANG_WARN_UNREACHABLE_CODE = YES;
				CLANG_WARN__DUPLICATE_METHOD_MATCH = YES;
				CODE_SIGN_IDENTITY = "iPhone Developer";
				COPY_PHASE_STRIP = NO;
				DEBUG_INFORMATION_FORMAT = dwarf;
				ENABLE_STRICT_OBJC_MSGSEND = YES;
				ENABLE_TESTABILITY = YES;
				GCC_C_LANGUAGE_STANDARD = gnu11;
				GCC_DYNAMIC_NO_PIC = NO;
				GCC_NO_COMMON_BLOCKS = YES;
				GCC_OPTIMIZATION_LEVEL = 0;
				GCC_PREPROCESSOR_DEFINITIONS = (
					"DEBUG=1",
					"$(inherited)",
				);
				GCC_WARN_64_TO_32_BIT_CONVERSION = YES;
				GCC_WARN_ABOUT_RETURN_TYPE = YES_ERROR;
				GCC_WARN_UNDECLARED_SELECTOR = YES;
				GCC_WARN_UNINITIALIZED_AUTOS = YES_AGGRESSIVE;
				GCC_WARN_UNUSED_FUNCTION = YES;
				GCC_WARN_UNUSED_VARIABLE = YES;
				IPHONEOS_DEPLOYMENT_TARGET = 12.1;
				MTL_ENABLE_DEBUG_INFO = INCLUDE_SOURCE;
				MTL_FAST_MATH = YES;
				ONLY_ACTIVE_ARCH = YES;
				SDKROOT = iphoneos;
				SWIFT_ACTIVE_COMPILATION_CONDITIONS = DEBUG;
				SWIFT_OPTIMIZATION_LEVEL = "-Onone";
			};
			name = Debug;
		};
		BA11742E2246853C00EBA6B0 /* Release */ = {
			isa = XCBuildConfiguration;
			buildSettings = {
				ALWAYS_SEARCH_USER_PATHS = NO;
				CLANG_ANALYZER_NONNULL = YES;
				CLANG_ANALYZER_NUMBER_OBJECT_CONVERSION = YES_AGGRESSIVE;
				CLANG_CXX_LANGUAGE_STANDARD = "gnu++14";
				CLANG_CXX_LIBRARY = "libc++";
				CLANG_ENABLE_MODULES = YES;
				CLANG_ENABLE_OBJC_ARC = YES;
				CLANG_ENABLE_OBJC_WEAK = YES;
				CLANG_WARN_BLOCK_CAPTURE_AUTORELEASING = YES;
				CLANG_WARN_BOOL_CONVERSION = YES;
				CLANG_WARN_COMMA = YES;
				CLANG_WARN_CONSTANT_CONVERSION = YES;
				CLANG_WARN_DEPRECATED_OBJC_IMPLEMENTATIONS = YES;
				CLANG_WARN_DIRECT_OBJC_ISA_USAGE = YES_ERROR;
				CLANG_WARN_DOCUMENTATION_COMMENTS = YES;
				CLANG_WARN_EMPTY_BODY = YES;
				CLANG_WARN_ENUM_CONVERSION = YES;
				CLANG_WARN_INFINITE_RECURSION = YES;
				CLANG_WARN_INT_CONVERSION = YES;
				CLANG_WARN_NON_LITERAL_NULL_CONVERSION = YES;
				CLANG_WARN_OBJC_IMPLICIT_RETAIN_SELF = YES;
				CLANG_WARN_OBJC_LITERAL_CONVERSION = YES;
				CLANG_WARN_OBJC_ROOT_CLASS = YES_ERROR;
				CLANG_WARN_RANGE_LOOP_ANALYSIS = YES;
				CLANG_WARN_STRICT_PROTOTYPES = YES;
				CLANG_WARN_SUSPICIOUS_MOVE = YES;
				CLANG_WARN_UNGUARDED_AVAILABILITY = YES_AGGRESSIVE;
				CLANG_WARN_UNREACHABLE_CODE = YES;
				CLANG_WARN__DUPLICATE_METHOD_MATCH = YES;
				CODE_SIGN_IDENTITY = "iPhone Developer";
				COPY_PHASE_STRIP = NO;
				DEBUG_INFORMATION_FORMAT = "dwarf-with-dsym";
				ENABLE_NS_ASSERTIONS = NO;
				ENABLE_STRICT_OBJC_MSGSEND = YES;
				GCC_C_LANGUAGE_STANDARD = gnu11;
				GCC_NO_COMMON_BLOCKS = YES;
				GCC_WARN_64_TO_32_BIT_CONVERSION = YES;
				GCC_WARN_ABOUT_RETURN_TYPE = YES_ERROR;
				GCC_WARN_UNDECLARED_SELECTOR = YES;
				GCC_WARN_UNINITIALIZED_AUTOS = YES_AGGRESSIVE;
				GCC_WARN_UNUSED_FUNCTION = YES;
				GCC_WARN_UNUSED_VARIABLE = YES;
				IPHONEOS_DEPLOYMENT_TARGET = 12.1;
				MTL_ENABLE_DEBUG_INFO = NO;
				MTL_FAST_MATH = YES;
				SDKROOT = iphoneos;
				SWIFT_COMPILATION_MODE = wholemodule;
				SWIFT_OPTIMIZATION_LEVEL = "-O";
				VALIDATE_PRODUCT = YES;
			};
			name = Release;
		};
		BA1174302246853C00EBA6B0 /* Debug */ = {
			isa = XCBuildConfiguration;
			baseConfigurationReference = 2B8B9BF8D3F266FAF0510E7B /* Pods-HackerHub.debug.xcconfig */;
			buildSettings = {
				ASSETCATALOG_COMPILER_APPICON_NAME = AppIcon;
				CODE_SIGN_STYLE = Automatic;
				DEVELOPMENT_TEAM = V79782M5XQ;
				INFOPLIST_FILE = HackerHub/Info.plist;
				LD_RUNPATH_SEARCH_PATHS = (
					"$(inherited)",
					"@executable_path/Frameworks",
				);
				PRODUCT_BUNDLE_IDENTIFIER = dankcoders.HackerHub;
				PRODUCT_NAME = "$(TARGET_NAME)";
				SWIFT_VERSION = 4.2;
				TARGETED_DEVICE_FAMILY = "1,2";
			};
			name = Debug;
		};
		BA1174312246853C00EBA6B0 /* Release */ = {
			isa = XCBuildConfiguration;
			baseConfigurationReference = 7E9F1CD09B090DFB969F7F8F /* Pods-HackerHub.release.xcconfig */;
			buildSettings = {
				ASSETCATALOG_COMPILER_APPICON_NAME = AppIcon;
				CODE_SIGN_STYLE = Automatic;
				DEVELOPMENT_TEAM = V79782M5XQ;
				INFOPLIST_FILE = HackerHub/Info.plist;
				LD_RUNPATH_SEARCH_PATHS = (
					"$(inherited)",
					"@executable_path/Frameworks",
				);
				PRODUCT_BUNDLE_IDENTIFIER = dankcoders.HackerHub;
				PRODUCT_NAME = "$(TARGET_NAME)";
				SWIFT_VERSION = 4.2;
				TARGETED_DEVICE_FAMILY = "1,2";
			};
			name = Release;
		};
/* End XCBuildConfiguration section */

/* Begin XCConfigurationList section */
		BA1174182246853B00EBA6B0 /* Build configuration list for PBXProject "HackerHub" */ = {
			isa = XCConfigurationList;
			buildConfigurations = (
				BA11742D2246853C00EBA6B0 /* Debug */,
				BA11742E2246853C00EBA6B0 /* Release */,
			);
			defaultConfigurationIsVisible = 0;
			defaultConfigurationName = Release;
		};
		BA11742F2246853C00EBA6B0 /* Build configuration list for PBXNativeTarget "HackerHub" */ = {
			isa = XCConfigurationList;
			buildConfigurations = (
				BA1174302246853C00EBA6B0 /* Debug */,
				BA1174312246853C00EBA6B0 /* Release */,
			);
			defaultConfigurationIsVisible = 0;
			defaultConfigurationName = Release;
		};
/* End XCConfigurationList section */
	};
	rootObject = BA1174152246853B00EBA6B0 /* Project object */;
}
